{
  "nodes": {
    "brave": {
      "locked": {
        "lastModified": 1666391585,
        "narHash": "sha256-wYBUGFVS48SFJ8+FmPzDqEShDnAGvbo2Hgn16M0G/U0=",
        "owner": "tstachl",
        "repo": "nixpkgs",
        "rev": "0c9f22d53609d72ed16f6c666227ff5c5b747ad8",
        "type": "github"
      },
      "original": {
        "owner": "tstachl",
        "repo": "nixpkgs",
        "type": "github"
      }
    },
    "hardware": {
      "locked": {
        "lastModified": 1665987993,
        "narHash": "sha256-MvlaIYTRiqefG4dzI5p6vVCfl+9V8A1cPniUjcn6Ngc=",
        "owner": "nixos",
        "repo": "nixos-hardware",
        "rev": "0e6593630071440eb89cd97a52921497482b22c6",
        "type": "github"
      },
      "original": {
        "owner": "nixos",
        "repo": "nixos-hardware",
        "type": "github"
      }
    },
    "home-manager": {
      "inputs": {
        "nixpkgs": [
          "nixpkgs"
        ],
        "utils": "utils"
      },
      "locked": {
        "lastModified": 1666463764,
        "narHash": "sha256-NmayV9S0s7CgNEA2QbIxDU0VCIiX6bIHu8PCQPnYHDM=",
        "owner": "nix-community",
        "repo": "home-manager",
        "rev": "69d19b9839638fc487b370e0600a03577a559081",
        "type": "github"
      },
      "original": {
        "owner": "nix-community",
        "repo": "home-manager",
        "type": "github"
      }
    },
    "impermanence": {
      "locked": {
        "lastModified": 1661933071,
        "narHash": "sha256-RFgfzldpbCvS+H2qwH+EvNejvqs+NhPVD5j1I7HQQPY=",
        "owner": "nix-community",
        "repo": "impermanence",
        "rev": "def994adbdfc28974e87b0e4c949e776207d5557",
        "type": "github"
      },
      "original": {
        "owner": "nix-community",
        "repo": "impermanence",
        "type": "github"
      }
    },
    "nixlib": {
      "locked": {
        "lastModified": 1636849918,
        "narHash": "sha256-nzUK6dPcTmNVrgTAC1EOybSMsrcx+QrVPyqRdyKLkjA=",
        "owner": "nix-community",
        "repo": "nixpkgs.lib",
        "rev": "28a5b0557f14124608db68d3ee1f77e9329e9dd5",
        "type": "github"
      },
      "original": {
        "owner": "nix-community",
        "repo": "nixpkgs.lib",
        "type": "github"
      }
    },
    "nixos-generators": {
      "inputs": {
        "nixlib": "nixlib",
        "nixpkgs": [
          "nixpkgs"
        ]
      },
      "locked": {
        "lastModified": 1666016402,
        "narHash": "sha256-Cm/nrdUMXwXiFQforG1Mv8OA4o8yhuVx6E1eDFH4rew=",
        "owner": "nix-community",
        "repo": "nixos-generators",
        "rev": "688db42a1eb34853f050267ff65c975f664312f0",
        "type": "github"
      },
      "original": {
        "owner": "nix-community",
        "repo": "nixos-generators",
        "type": "github"
      }
    },
    "nixpkgs": {
      "locked": {
        "lastModified": 1666447894,
        "narHash": "sha256-i9WHX4w/et4qPMzEXd9POmnO0/bthjr7R4cblKNHGms=",
        "owner": "nixos",
        "repo": "nixpkgs",
        "rev": "95aeaf83c247b8f5aa561684317ecd860476fcd6",
        "type": "github"
      },
      "original": {
        "owner": "nixos",
        "ref": "nixos-unstable",
        "repo": "nixpkgs",
        "type": "github"
      }
    },
    "nixpkgs-22_05": {
      "locked": {
        "lastModified": 1665870850,
        "narHash": "sha256-EkC/Kkc9cr2orI868OHnh6F8/aqS4TZy38ie+KnhfS8=",
        "owner": "NixOS",
        "repo": "nixpkgs",
        "rev": "945a85cb7ee31f5f8c49432d77b610b777662d4f",
        "type": "github"
      },
      "original": {
        "owner": "NixOS",
        "ref": "release-22.05",
        "repo": "nixpkgs",
        "type": "github"
      }
    },
    "nur": {
      "locked": {
        "lastModified": 1666483270,
        "narHash": "sha256-eqrah9Jf+Wk28mpT2OsqwkWcnxKHltmRt/N3U4gUx1I=",
        "owner": "nix-community",
        "repo": "nur",
        "rev": "1970f883e139b06ae109ad2ca2c45b7fa987afb9",
        "type": "github"
      },
      "original": {
        "owner": "nix-community",
        "repo": "nur",
        "type": "github"
      }
    },
    "root": {
      "inputs": {
        "brave": "brave",
        "hardware": "hardware",
        "home-manager": "home-manager",
        "impermanence": "impermanence",
        "nixos-generators": "nixos-generators",
        "nixpkgs": "nixpkgs",
        "nur": "nur",
        "sops-nix": "sops-nix"
      }
    },
    "sops-nix": {
      "inputs": {
        "nixpkgs": [
          "nixpkgs"
        ],
        "nixpkgs-22_05": "nixpkgs-22_05"
      },
      "locked": {
        "lastModified": 1666078616,
        "narHash": "sha256-ifW3GhIxuKv5+AidKAPpmtS8M7TY2d7VS6eFnaCFdfU=",
        "owner": "mic92",
        "repo": "sops-nix",
        "rev": "8e470d4eac115aa793437e52e84e7f9abdce236b",
        "type": "github"
      },
      "original": {
        "owner": "mic92",
        "repo": "sops-nix",
        "type": "github"
      }
    },
    "utils": {
      "locked": {
        "lastModified": 1659877975,
        "narHash": "sha256-zllb8aq3YO3h8B/U0/J1WBgAL8EX5yWf5pMj3G0NAmc=",
        "owner": "numtide",
        "repo": "flake-utils",
        "rev": "c0e246b9b83f637f4681389ecabcb2681b4f3af0",
        "type": "github"
      },
      "original": {
        "owner": "numtide",
        "repo": "flake-utils",
        "type": "github"
      }
    }
  },
  "root": "root",
  "version": 7
}
