{
  "nodes": {
    "brave": {
      "locked": {
        "lastModified": 1666391585,
        "narHash": "sha256-wYBUGFVS48SFJ8+FmPzDqEShDnAGvbo2Hgn16M0G/U0=",
        "owner": "tstachl",
        "repo": "nixpkgs",
        "rev": "0c9f22d53609d72ed16f6c666227ff5c5b747ad8",
        "type": "github"
      },
      "original": {
        "owner": "tstachl",
        "repo": "nixpkgs",
        "type": "github"
      }
    },
    "hardware": {
      "locked": {
        "lastModified": 1666873549,
        "narHash": "sha256-a6Eu1Qv/EndjepSMja5SvcG+4vM5Rl2gzJD7xscRHss=",
        "owner": "nixos",
        "repo": "nixos-hardware",
        "rev": "419dcc0ec767803182ed01a326f134230578bf60",
        "type": "github"
      },
      "original": {
        "owner": "nixos",
        "repo": "nixos-hardware",
        "type": "github"
      }
    },
    "home-manager": {
      "inputs": {
        "nixpkgs": [
          "nixpkgs"
        ],
        "utils": "utils"
      },
      "locked": {
        "lastModified": 1666903647,
        "narHash": "sha256-sFI1Gh9DTGzHnBINondupUGYbe+T0wZcpcZjkW0qffM=",
        "owner": "nix-community",
        "repo": "home-manager",
        "rev": "213a06295dff96668a1d673b9fd1c03ce1de6745",
        "type": "github"
      },
      "original": {
        "owner": "nix-community",
        "repo": "home-manager",
        "type": "github"
      }
    },
    "impermanence": {
      "locked": {
        "lastModified": 1661933071,
        "narHash": "sha256-RFgfzldpbCvS+H2qwH+EvNejvqs+NhPVD5j1I7HQQPY=",
        "owner": "nix-community",
        "repo": "impermanence",
        "rev": "def994adbdfc28974e87b0e4c949e776207d5557",
        "type": "github"
      },
      "original": {
        "owner": "nix-community",
        "repo": "impermanence",
        "type": "github"
      }
    },
    "nixpkgs": {
      "locked": {
        "lastModified": 1666867875,
        "narHash": "sha256-3nD7iQXd/J6KjkT8IjozTuA5p8qjiLKTxvOUmH+AzNM=",
        "owner": "nixos",
        "repo": "nixpkgs",
        "rev": "c132d0837dfb9035701dcd8fc91786c605c855c3",
        "type": "github"
      },
      "original": {
        "owner": "nixos",
        "ref": "nixos-22.05",
        "repo": "nixpkgs",
        "type": "github"
      }
    },
    "nur": {
      "locked": {
        "lastModified": 1666930765,
        "narHash": "sha256-6gIpoCcyFnq7+0BYiP/wYjwTjTSOI3e9CSjPp2yrtgI=",
        "owner": "nix-community",
        "repo": "nur",
        "rev": "0e0c749764233237161b51f43e9497da0214c4cd",
        "type": "github"
      },
      "original": {
        "owner": "nix-community",
        "repo": "nur",
        "type": "github"
      }
    },
    "root": {
      "inputs": {
        "brave": "brave",
        "hardware": "hardware",
        "home-manager": "home-manager",
        "impermanence": "impermanence",
        "nixpkgs": "nixpkgs",
        "nur": "nur",
        "unstable": "unstable"
      }
    },
    "unstable": {
      "locked": {
        "lastModified": 1666869603,
        "narHash": "sha256-3V53or4Vpu4+LrGfGSh3T2V8+qf5RP6nRuex9GywkwE=",
        "owner": "nixos",
        "repo": "nixpkgs",
        "rev": "2001e2b31c565bcdf7bc13062b8d7cfccaca05b8",
        "type": "github"
      },
      "original": {
        "owner": "nixos",
        "ref": "nixos-unstable",
        "repo": "nixpkgs",
        "type": "github"
      }
    },
    "utils": {
      "locked": {
        "lastModified": 1659877975,
        "narHash": "sha256-zllb8aq3YO3h8B/U0/J1WBgAL8EX5yWf5pMj3G0NAmc=",
        "owner": "numtide",
        "repo": "flake-utils",
        "rev": "c0e246b9b83f637f4681389ecabcb2681b4f3af0",
        "type": "github"
      },
      "original": {
        "owner": "numtide",
        "repo": "flake-utils",
        "type": "github"
      }
    }
  },
  "root": "root",
  "version": 7
}
